
Microsoft Visual Studio Solution File, Format Version 12.00
# Visual Studio Version 17
VisualStudioVersion = 17.4.33122.133
MinimumVisualStudioVersion = 10.0.40219.1
Project("{FAE04EC0-301F-11D3-BF4B-00C04F79EFBC}") = "SSO", "SSO\SSO.csproj", "{DF799892-DD0F-4842-863B-F0C7F331A07F}"
EndProject
Global
	GlobalSection(SolutionConfigurationPlatforms) = preSolution
		Debug|Any CPU = Debug|Any CPU
		Release|Any CPU = Release|Any CPU
	EndGlobalSection
	GlobalSection(ProjectConfigurationPlatforms) = postSolution
		{DF799892-DD0F-4842-863B-F0C7F331A07F}.Debug|Any CPU.ActiveCfg = Debug|Any CPU
		{DF799892-DD0F-4842-863B-F0C7F331A07F}.Debug|Any CPU.Build.0 = Debug|Any CPU
		{DF799892-DD0F-4842-863B-F0C7F331A07F}.Release|Any CPU.ActiveCfg = Release|Any CPU
		{DF799892-DD0F-4842-863B-F0C7F331A07F}.Release|Any CPU.Build.0 = Release|Any CPU
	EndGlobalSection
	GlobalSection(SolutionProperties) = preSolution
		HideSolutionNode = FALSE
	EndGlobalSection
	GlobalSection(ExtensibilityGlobals) = postSolution
		SolutionGuid = {DE0C084E-8AAB-4AA1-A9DE-FDA5BCF86BA2}
	EndGlobalSection
EndGlobal
